// !$*UTF8*$!
{
	archiveVersion = 1;
	classes = {
	};
	objectVersion = 55;
	objects = {

/* Begin PBXBuildFile section */
		996A1C5F28281981005731E7 /* SwiftUI_NetflixApp.swift in Sources */ = {isa = PBXBuildFile; fileRef = 996A1C5E28281981005731E7 /* SwiftUI_NetflixApp.swift */; };
		996A1C6128281981005731E7 /* ContentView.swift in Sources */ = {isa = PBXBuildFile; fileRef = 996A1C6028281981005731E7 /* ContentView.swift */; };
		996A1C6328281984005731E7 /* Assets.xcassets in Resources */ = {isa = PBXBuildFile; fileRef = 996A1C6228281984005731E7 /* Assets.xcassets */; };
		996A1C6628281984005731E7 /* Preview Assets.xcassets in Resources */ = {isa = PBXBuildFile; fileRef = 996A1C6528281984005731E7 /* Preview Assets.xcassets */; };
		99F999D1289F66D900D1E6FC /* HomeView.swift in Sources */ = {isa = PBXBuildFile; fileRef = 99F999D0289F66D900D1E6FC /* HomeView.swift */; };
		99F999D4289F684300D1E6FC /* Kingfisher in Frameworks */ = {isa = PBXBuildFile; productRef = 99F999D3289F684300D1E6FC /* Kingfisher */; };
		99F999D6289F68F300D1E6FC /* Movie.swift in Sources */ = {isa = PBXBuildFile; fileRef = 99F999D5289F68F300D1E6FC /* Movie.swift */; };
		99F999D8289F696A00D1E6FC /* GlobalHelpers.swift in Sources */ = {isa = PBXBuildFile; fileRef = 99F999D7289F696A00D1E6FC /* GlobalHelpers.swift */; };
		99F999DC289F6A6600D1E6FC /* StandardHomeMovie.swift in Sources */ = {isa = PBXBuildFile; fileRef = 99F999DB289F6A6600D1E6FC /* StandardHomeMovie.swift */; };
		99F999DE289F6B2800D1E6FC /* HomeVM.swift in Sources */ = {isa = PBXBuildFile; fileRef = 99F999DD289F6B2800D1E6FC /* HomeVM.swift */; };
/* End PBXBuildFile section */

/* Begin PBXFileReference section */
		996A1C5B28281981005731E7 /* SwiftUI-Netflix.app */ = {isa = PBXFileReference; explicitFileType = wrapper.application; includeInIndex = 0; path = "SwiftUI-Netflix.app"; sourceTree = BUILT_PRODUCTS_DIR; };
		996A1C5E28281981005731E7 /* SwiftUI_NetflixApp.swift */ = {isa = PBXFileReference; lastKnownFileType = sourcecode.swift; path = SwiftUI_NetflixApp.swift; sourceTree = "<group>"; };
		996A1C6028281981005731E7 /* ContentView.swift */ = {isa = PBXFileReference; lastKnownFileType = sourcecode.swift; path = ContentView.swift; sourceTree = "<group>"; };
		996A1C6228281984005731E7 /* Assets.xcassets */ = {isa = PBXFileReference; lastKnownFileType = folder.assetcatalog; path = Assets.xcassets; sourceTree = "<group>"; };
		996A1C6528281984005731E7 /* Preview Assets.xcassets */ = {isa = PBXFileReference; lastKnownFileType = folder.assetcatalog; path = "Preview Assets.xcassets"; sourceTree = "<group>"; };
		99F999D0289F66D900D1E6FC /* HomeView.swift */ = {isa = PBXFileReference; lastKnownFileType = sourcecode.swift; path = HomeView.swift; sourceTree = "<group>"; };
		99F999D5289F68F300D1E6FC /* Movie.swift */ = {isa = PBXFileReference; lastKnownFileType = sourcecode.swift; path = Movie.swift; sourceTree = "<group>"; };
		99F999D7289F696A00D1E6FC /* GlobalHelpers.swift */ = {isa = PBXFileReference; lastKnownFileType = sourcecode.swift; path = GlobalHelpers.swift; sourceTree = "<group>"; };
		99F999DB289F6A6600D1E6FC /* StandardHomeMovie.swift */ = {isa = PBXFileReference; lastKnownFileType = sourcecode.swift; path = StandardHomeMovie.swift; sourceTree = "<group>"; };
		99F999DD289F6B2800D1E6FC /* HomeVM.swift */ = {isa = PBXFileReference; lastKnownFileType = sourcecode.swift; path = HomeVM.swift; sourceTree = "<group>"; };
/* End PBXFileReference section */

/* Begin PBXFrameworksBuildPhase section */
		996A1C5828281981005731E7 /* Frameworks */ = {
			isa = PBXFrameworksBuildPhase;
			buildActionMask = 2147483647;
			files = (
				99F999D4289F684300D1E6FC /* Kingfisher in Frameworks */,
			);
			runOnlyForDeploymentPostprocessing = 0;
		};
/* End PBXFrameworksBuildPhase section */

/* Begin PBXGroup section */
		996A1C5228281981005731E7 = {
			isa = PBXGroup;
			children = (
				996A1C5D28281981005731E7 /* SwiftUI-Netflix */,
				996A1C5C28281981005731E7 /* Products */,
			);
			sourceTree = "<group>";
		};
		996A1C5C28281981005731E7 /* Products */ = {
			isa = PBXGroup;
			children = (
				996A1C5B28281981005731E7 /* SwiftUI-Netflix.app */,
			);
			name = Products;
			sourceTree = "<group>";
		};
		996A1C5D28281981005731E7 /* SwiftUI-Netflix */ = {
			isa = PBXGroup;
			children = (
				996A1C5E28281981005731E7 /* SwiftUI_NetflixApp.swift */,
				996A1C6028281981005731E7 /* ContentView.swift */,
				99F999D7289F696A00D1E6FC /* GlobalHelpers.swift */,
				99F999D5289F68F300D1E6FC /* Movie.swift */,
				99F999CF289F665E00D1E6FC /* Home */,
				996A1C6228281984005731E7 /* Assets.xcassets */,
				996A1C6428281984005731E7 /* Preview Content */,
			);
			path = "SwiftUI-Netflix";
			sourceTree = "<group>";
		};
		996A1C6428281984005731E7 /* Preview Content */ = {
			isa = PBXGroup;
			children = (
				996A1C6528281984005731E7 /* Preview Assets.xcassets */,
			);
			path = "Preview Content";
			sourceTree = "<group>";
		};
		99F999CF289F665E00D1E6FC /* Home */ = {
			isa = PBXGroup;
			children = (
				99F999D0289F66D900D1E6FC /* HomeView.swift */,
				99F999DB289F6A6600D1E6FC /* StandardHomeMovie.swift */,
				99F999DD289F6B2800D1E6FC /* HomeVM.swift */,
			);
			path = Home;
			sourceTree = "<group>";
		};
/* End PBXGroup section */

/* Begin PBXNativeTarget section */
		996A1C5A28281981005731E7 /* SwiftUI-Netflix */ = {
			isa = PBXNativeTarget;
			buildConfigurationList = 996A1C6928281984005731E7 /* Build configuration list for PBXNativeTarget "SwiftUI-Netflix" */;
			buildPhases = (
				996A1C5728281981005731E7 /* Sources */,
				996A1C5828281981005731E7 /* Frameworks */,
				996A1C5928281981005731E7 /* Resources */,
			);
			buildRules = (
			);
			dependencies = (
			);
			name = "SwiftUI-Netflix";
			packageProductDependencies = (
				99F999D3289F684300D1E6FC /* Kingfisher */,
			);
			productName = "SwiftUI-Netflix";
			productReference = 996A1C5B28281981005731E7 /* SwiftUI-Netflix.app */;
			productType = "com.apple.product-type.application";
		};
/* End PBXNativeTarget section */

/* Begin PBXProject section */
		996A1C5328281981005731E7 /* Project object */ = {
			isa = PBXProject;
			attributes = {
				BuildIndependentTargetsInParallel = 1;
				LastSwiftUpdateCheck = 1320;
				LastUpgradeCheck = 1320;
				TargetAttributes = {
					996A1C5A28281981005731E7 = {
						CreatedOnToolsVersion = 13.2.1;
					};
				};
			};
			buildConfigurationList = 996A1C5628281981005731E7 /* Build configuration list for PBXProject "SwiftUI-Netflix" */;
			compatibilityVersion = "Xcode 13.0";
			developmentRegion = en;
			hasScannedForEncodings = 0;
			knownRegions = (
				en,
				Base,
			);
			mainGroup = 996A1C5228281981005731E7;
			packageReferences = (
				99F999D2289F684300D1E6FC /* XCRemoteSwiftPackageReference "Kingfisher" */,
			);
			productRefGroup = 996A1C5C28281981005731E7 /* Products */;
			projectDirPath = "";
			projectRoot = "";
			targets = (
				996A1C5A28281981005731E7 /* SwiftUI-Netflix */,
			);
		};
/* End PBXProject section */

/* Begin PBXResourcesBuildPhase section */
		996A1C5928281981005731E7 /* Resources */ = {
			isa = PBXResourcesBuildPhase;
			buildActionMask = 2147483647;
			files = (
				996A1C6628281984005731E7 /* Preview Assets.xcassets in Resources */,
				996A1C6328281984005731E7 /* Assets.xcassets in Resources */,
			);
			runOnlyForDeploymentPostprocessing = 0;
		};
/* End PBXResourcesBuildPhase section */

/* Begin PBXSourcesBuildPhase section */
		996A1C5728281981005731E7 /* Sources */ = {
			isa = PBXSourcesBuildPhase;
			buildActionMask = 2147483647;
			files = (
				99F999D1289F66D900D1E6FC /* HomeView.swift in Sources */,
				996A1C6128281981005731E7 /* ContentView.swift in Sources */,
				99F999DE289F6B2800D1E6FC /* HomeVM.swift in Sources */,
				99F999D8289F696A00D1E6FC /* GlobalHelpers.swift in Sources */,
				99F999D6289F68F300D1E6FC /* Movie.swift in Sources */,
				99F999DC289F6A6600D1E6FC /* StandardHomeMovie.swift in Sources */,
				996A1C5F28281981005731E7 /* SwiftUI_NetflixApp.swift in Sources */,
			);
			runOnlyForDeploymentPostprocessing = 0;
		};
/* End PBXSourcesBuildPhase section */

/* Begin XCBuildConfiguration section */
		996A1C6728281984005731E7 /* Debug */ = {
			isa = XCBuildConfiguration;
			buildSettings = {
				ALWAYS_SEARCH_USER_PATHS = NO;
				CLANG_ANALYZER_NONNULL = YES;
				CLANG_ANALYZER_NUMBER_OBJECT_CONVERSION = YES_AGGRESSIVE;
				CLANG_CXX_LANGUAGE_STANDARD = "gnu++17";
				CLANG_CXX_LIBRARY = "libc++";
				CLANG_ENABLE_MODULES = YES;
				CLANG_ENABLE_OBJC_ARC = YES;
				CLANG_ENABLE_OBJC_WEAK = YES;
				CLANG_WARN_BLOCK_CAPTURE_AUTORELEASING = YES;
				CLANG_WARN_BOOL_CONVERSION = YES;
				CLANG_WARN_COMMA = YES;
				CLANG_WARN_CONSTANT_CONVERSION = YES;
				CLANG_WARN_DEPRECATED_OBJC_IMPLEMENTATIONS = YES;
				CLANG_WARN_DIRECT_OBJC_ISA_USAGE = YES_ERROR;
				CLANG_WARN_DOCUMENTATION_COMMENTS = YES;
				CLANG_WARN_EMPTY_BODY = YES;
				CLANG_WARN_ENUM_CONVERSION = YES;
				CLANG_WARN_INFINITE_RECURSION = YES;
				CLANG_WARN_INT_CONVERSION = YES;
				CLANG_WARN_NON_LITERAL_NULL_CONVERSION = YES;
				CLANG_WARN_OBJC_IMPLICIT_RETAIN_SELF = YES;
				CLANG_WARN_OBJC_LITERAL_CONVERSION = YES;
				CLANG_WARN_OBJC_ROOT_CLASS = YES_ERROR;
				CLANG_WARN_QUOTED_INCLUDE_IN_FRAMEWORK_HEADER = YES;
				CLANG_WARN_RANGE_LOOP_ANALYSIS = YES;
				CLANG_WARN_STRICT_PROTOTYPES = YES;
				CLANG_WARN_SUSPICIOUS_MOVE = YES;
				CLANG_WARN_UNGUARDED_AVAILABILITY = YES_AGGRESSIVE;
				CLANG_WARN_UNREACHABLE_CODE = YES;
				CLANG_WARN__DUPLICATE_METHOD_MATCH = YES;
				COPY_PHASE_STRIP = NO;
				DEBUG_INFORMATION_FORMAT = dwarf;
				ENABLE_STRICT_OBJC_MSGSEND = YES;
				ENABLE_TESTABILITY = YES;
				GCC_C_LANGUAGE_STANDARD = gnu11;
				GCC_DYNAMIC_NO_PIC = NO;
				GCC_NO_COMMON_BLOCKS = YES;
				GCC_OPTIMIZATION_LEVEL = 0;
				GCC_PREPROCESSOR_DEFINITIONS = (
					"DEBUG=1",
					"$(inherited)",
				);
				GCC_WARN_64_TO_32_BIT_CONVERSION = YES;
				GCC_WARN_ABOUT_RETURN_TYPE = YES_ERROR;
				GCC_WARN_UNDECLARED_SELECTOR = YES;
				GCC_WARN_UNINITIALIZED_AUTOS = YES_AGGRESSIVE;
				GCC_WARN_UNUSED_FUNCTION = YES;
				GCC_WARN_UNUSED_VARIABLE = YES;
				IPHONEOS_DEPLOYMENT_TARGET = 15.2;
				MTL_ENABLE_DEBUG_INFO = INCLUDE_SOURCE;
				MTL_FAST_MATH = YES;
				ONLY_ACTIVE_ARCH = YES;
				SDKROOT = iphoneos;
				SWIFT_ACTIVE_COMPILATION_CONDITIONS = DEBUG;
				SWIFT_OPTIMIZATION_LEVEL = "-Onone";
			};
			name = Debug;
		};
		996A1C6828281984005731E7 /* Release */ = {
			isa = XCBuildConfiguration;
			buildSettings = {
				ALWAYS_SEARCH_USER_PATHS = NO;
				CLANG_ANALYZER_NONNULL = YES;
				CLANG_ANALYZER_NUMBER_OBJECT_CONVERSION = YES_AGGRESSIVE;
				CLANG_CXX_LANGUAGE_STANDARD = "gnu++17";
				CLANG_CXX_LIBRARY = "libc++";
				CLANG_ENABLE_MODULES = YES;
				CLANG_ENABLE_OBJC_ARC = YES;
				CLANG_ENABLE_OBJC_WEAK = YES;
				CLANG_WARN_BLOCK_CAPTURE_AUTORELEASING = YES;
				CLANG_WARN_BOOL_CONVERSION = YES;
				CLANG_WARN_COMMA = YES;
				CLANG_WARN_CONSTANT_CONVERSION = YES;
				CLANG_WARN_DEPRECATED_OBJC_IMPLEMENTATIONS = YES;
				CLANG_WARN_DIRECT_OBJC_ISA_USAGE = YES_ERROR;
				CLANG_WARN_DOCUMENTATION_COMMENTS = YES;
				CLANG_WARN_EMPTY_BODY = YES;
				CLANG_WARN_ENUM_CONVERSION = YES;
				CLANG_WARN_INFINITE_RECURSION = YES;
				CLANG_WARN_INT_CONVERSION = YES;
				CLANG_WARN_NON_LITERAL_NULL_CONVERSION = YES;
				CLANG_WARN_OBJC_IMPLICIT_RETAIN_SELF = YES;
				CLANG_WARN_OBJC_LITERAL_CONVERSION = YES;
				CLANG_WARN_OBJC_ROOT_CLASS = YES_ERROR;
				CLANG_WARN_QUOTED_INCLUDE_IN_FRAMEWORK_HEADER = YES;
				CLANG_WARN_RANGE_LOOP_ANALYSIS = YES;
				CLANG_WARN_STRICT_PROTOTYPES = YES;
				CLANG_WARN_SUSPICIOUS_MOVE = YES;
				CLANG_WARN_UNGUARDED_AVAILABILITY = YES_AGGRESSIVE;
				CLANG_WARN_UNREACHABLE_CODE = YES;
				CLANG_WARN__DUPLICATE_METHOD_MATCH = YES;
				COPY_PHASE_STRIP = NO;
				DEBUG_INFORMATION_FORMAT = "dwarf-with-dsym";
				ENABLE_NS_ASSERTIONS = NO;
				ENABLE_STRICT_OBJC_MSGSEND = YES;
				GCC_C_LANGUAGE_STANDARD = gnu11;
				GCC_NO_COMMON_BLOCKS = YES;
				GCC_WARN_64_TO_32_BIT_CONVERSION = YES;
				GCC_WARN_ABOUT_RETURN_TYPE = YES_ERROR;
				GCC_WARN_UNDECLARED_SELECTOR = YES;
				GCC_WARN_UNINITIALIZED_AUTOS = YES_AGGRESSIVE;
				GCC_WARN_UNUSED_FUNCTION = YES;
				GCC_WARN_UNUSED_VARIABLE = YES;
				IPHONEOS_DEPLOYMENT_TARGET = 15.2;
				MTL_ENABLE_DEBUG_INFO = NO;
				MTL_FAST_MATH = YES;
				SDKROOT = iphoneos;
				SWIFT_COMPILATION_MODE = wholemodule;
				SWIFT_OPTIMIZATION_LEVEL = "-O";
				VALIDATE_PRODUCT = YES;
			};
			name = Release;
		};
		996A1C6A28281984005731E7 /* Debug */ = {
			isa = XCBuildConfiguration;
			buildSettings = {
				ASSETCATALOG_COMPILER_APPICON_NAME = AppIcon;
				ASSETCATALOG_COMPILER_GLOBAL_ACCENT_COLOR_NAME = AccentColor;
				CODE_SIGN_STYLE = Automatic;
				CURRENT_PROJECT_VERSION = 1;
				DEVELOPMENT_ASSET_PATHS = "\"SwiftUI-Netflix/Preview Content\"";
				DEVELOPMENT_TEAM = 4KX39VZ9JG;
				ENABLE_PREVIEWS = YES;
				GENERATE_INFOPLIST_FILE = YES;
				INFOPLIST_KEY_UIApplicationSceneManifest_Generation = YES;
				INFOPLIST_KEY_UIApplicationSupportsIndirectInputEvents = YES;
				INFOPLIST_KEY_UILaunchScreen_Generation = YES;
				INFOPLIST_KEY_UISupportedInterfaceOrientations_iPad = "UIInterfaceOrientationPortrait UIInterfaceOrientationPortraitUpsideDown UIInterfaceOrientationLandscapeLeft UIInterfaceOrientationLandscapeRight";
				INFOPLIST_KEY_UISupportedInterfaceOrientations_iPhone = "UIInterfaceOrientationPortrait UIInterfaceOrientationLandscapeLeft UIInterfaceOrientationLandscapeRight";
				LD_RUNPATH_SEARCH_PATHS = (
					"$(inherited)",
					"@executable_path/Frameworks",
				);
				MARKETING_VERSION = 1.0;
				PRODUCT_BUNDLE_IDENTIFIER = "Toshiki-Yanagimoto.SwiftUI-Netflix";
				PRODUCT_NAME = "$(TARGET_NAME)";
				SWIFT_EMIT_LOC_STRINGS = YES;
				SWIFT_VERSION = 5.0;
				TARGETED_DEVICE_FAMILY = "1,2";
			};
			name = Debug;
		};
		996A1C6B28281984005731E7 /* Release */ = {
			isa = XCBuildConfiguration;
			buildSettings = {
				ASSETCATALOG_COMPILER_APPICON_NAME = AppIcon;
				ASSETCATALOG_COMPILER_GLOBAL_ACCENT_COLOR_NAME = AccentColor;
				CODE_SIGN_STYLE = Automatic;
				CURRENT_PROJECT_VERSION = 1;
				DEVELOPMENT_ASSET_PATHS = "\"SwiftUI-Netflix/Preview Content\"";
				DEVELOPMENT_TEAM = 4KX39VZ9JG;
				ENABLE_PREVIEWS = YES;
				GENERATE_INFOPLIST_FILE = YES;
				INFOPLIST_KEY_UIApplicationSceneManifest_Generation = YES;
				INFOPLIST_KEY_UIApplicationSupportsIndirectInputEvents = YES;
				INFOPLIST_KEY_UILaunchScreen_Generation = YES;
				INFOPLIST_KEY_UISupportedInterfaceOrientations_iPad = "UIInterfaceOrientationPortrait UIInterfaceOrientationPortraitUpsideDown UIInterfaceOrientationLandscapeLeft UIInterfaceOrientationLandscapeRight";
				INFOPLIST_KEY_UISupportedInterfaceOrientations_iPhone = "UIInterfaceOrientationPortrait UIInterfaceOrientationLandscapeLeft UIInterfaceOrientationLandscapeRight";
				LD_RUNPATH_SEARCH_PATHS = (
					"$(inherited)",
					"@executable_path/Frameworks",
				);
				MARKETING_VERSION = 1.0;
				PRODUCT_BUNDLE_IDENTIFIER = "Toshiki-Yanagimoto.SwiftUI-Netflix";
				PRODUCT_NAME = "$(TARGET_NAME)";
				SWIFT_EMIT_LOC_STRINGS = YES;
				SWIFT_VERSION = 5.0;
				TARGETED_DEVICE_FAMILY = "1,2";
			};
			name = Release;
		};
/* End XCBuildConfiguration section */

/* Begin XCConfigurationList section */
		996A1C5628281981005731E7 /* Build configuration list for PBXProject "SwiftUI-Netflix" */ = {
			isa = XCConfigurationList;
			buildConfigurations = (
				996A1C6728281984005731E7 /* Debug */,
				996A1C6828281984005731E7 /* Release */,
			);
			defaultConfigurationIsVisible = 0;
			defaultConfigurationName = Release;
		};
		996A1C6928281984005731E7 /* Build configuration list for PBXNativeTarget "SwiftUI-Netflix" */ = {
			isa = XCConfigurationList;
			buildConfigurations = (
				996A1C6A28281984005731E7 /* Debug */,
				996A1C6B28281984005731E7 /* Release */,
			);
			defaultConfigurationIsVisible = 0;
			defaultConfigurationName = Release;
		};
/* End XCConfigurationList section */

/* Begin XCRemoteSwiftPackageReference section */
		99F999D2289F684300D1E6FC /* XCRemoteSwiftPackageReference "Kingfisher" */ = {
			isa = XCRemoteSwiftPackageReference;
			repositoryURL = "https://github.com/onevcat/Kingfisher.git";
			requirement = {
				kind = upToNextMajorVersion;
				minimumVersion = 7.0.0;
			};
		};
/* End XCRemoteSwiftPackageReference section */

/* Begin XCSwiftPackageProductDependency section */
		99F999D3289F684300D1E6FC /* Kingfisher */ = {
			isa = XCSwiftPackageProductDependency;
			package = 99F999D2289F684300D1E6FC /* XCRemoteSwiftPackageReference "Kingfisher" */;
			productName = Kingfisher;
		};
/* End XCSwiftPackageProductDependency section */
	};
	rootObject = 996A1C5328281981005731E7 /* Project object */;
}
